{
  "name": "lexer",
  "lockfileVersion": 2,
  "requires": true,
  "packages": {
    "": {
      "dependencies": {
        "@heroicons/react": "^2.0.14",
        "@syncfusion/ej2-react-inputs": "^20.4.42",
        "react-dropzone": "^14.2.3",
        "react-icons": "^4.7.1",
        "react-toastify": "^9.1.1"
      }
    },
    "node_modules/@heroicons/react": {
      "version": "2.0.14",
      "resolved": "https://registry.npmjs.org/@heroicons/react/-/react-2.0.14.tgz",
      "integrity": "sha512-eFL4if6L7woL1fUvk/jjXx4z9NxVESHHrQnEd2qKVelTFTIr/3VLGWdPb0biia9ZVe26P0JSs/xmOlRNur3SrQ==",
      "peerDependencies": {
        "react": ">= 16"
      }
    },
    "node_modules/@syncfusion/ej2-base": {
      "version": "20.4.44",
      "resolved": "https://registry.npmjs.org/@syncfusion/ej2-base/-/ej2-base-20.4.44.tgz",
      "integrity": "sha512-HY6SSurnkCSjOsPKdh1/Uj+BfEC8g60z0fkQB2EeiTJkvk6hlKUoOROuYfIB8svIhQy2y3p9P6ivJAsDbej9mg==",
      "dependencies": {
        "@syncfusion/ej2-icons": "~20.4.42"
      },
      "bin": {
        "syncfusion-license": "bin/syncfusion-license.js"
      }
    },
    "node_modules/@syncfusion/ej2-buttons": {
      "version": "20.4.44",
      "resolved": "https://registry.npmjs.org/@syncfusion/ej2-buttons/-/ej2-buttons-20.4.44.tgz",
      "integrity": "sha512-a6X8cp8e7N0fWH42qbSuW9lf51uTBEDHgUW+Tx2ggMImSnT64GHNzt3fp0BxyyFura5ZFm4sjpNQUv5ox5mEpg==",
      "dependencies": {
        "@syncfusion/ej2-base": "~20.4.44"
      }
    },
    "node_modules/@syncfusion/ej2-icons": {
      "version": "20.4.42",
      "resolved": "https://registry.npmjs.org/@syncfusion/ej2-icons/-/ej2-icons-20.4.42.tgz",
      "integrity": "sha512-HayCuxMExNg9Pp1E3qi6u4jQP6QbvLZjahokubV8IhlbC1tsaRPZQ6Mr9Tt+6eXzglCoFP4L86temkfAAw5ooA=="
    },
    "node_modules/@syncfusion/ej2-inputs": {
      "version": "20.4.42",
      "resolved": "https://registry.npmjs.org/@syncfusion/ej2-inputs/-/ej2-inputs-20.4.42.tgz",
      "integrity": "sha512-u8oaaf/iQllPhTb0dBTIr2M4rKFTG3Ss10HWIXuWguZPQX2StE8aCUXUfHCP6QqkspnMbcydlVjDwzCnL8pylg==",
      "dependencies": {
        "@syncfusion/ej2-base": "~20.4.42",
        "@syncfusion/ej2-buttons": "~20.4.42",
        "@syncfusion/ej2-popups": "~20.4.42",
        "@syncfusion/ej2-splitbuttons": "~20.4.42"
      }
    },
    "node_modules/@syncfusion/ej2-popups": {
      "version": "20.4.44",
      "resolved": "https://registry.npmjs.org/@syncfusion/ej2-popups/-/ej2-popups-20.4.44.tgz",
      "integrity": "sha512-XAzkgrWT9xDzkGZo4k+7oToVLbV+X53EKJkd/w0Eqjv6SYq5HnWFmF2lnLgHIa6kz7ucwfHT5TpeVIW4YJglqQ==",
      "dependencies": {
        "@syncfusion/ej2-base": "~20.4.44",
        "@syncfusion/ej2-buttons": "~20.4.44"
      }
    },
    "node_modules/@syncfusion/ej2-react-base": {
      "version": "20.4.42",
      "resolved": "https://registry.npmjs.org/@syncfusion/ej2-react-base/-/ej2-react-base-20.4.42.tgz",
      "integrity": "sha512-lX4t0tUm7sLLXnsVsaqQF+aIPITPQY/gJtZ8M7WXk1iNuzDcoWahp/qgdXPyRz8EOHRwKEw9bjCOBwa9grli9A==",
      "dependencies": {
        "@syncfusion/ej2-base": "~20.4.42"
      }
    },
    "node_modules/@syncfusion/ej2-react-inputs": {
      "version": "20.4.42",
      "resolved": "https://registry.npmjs.org/@syncfusion/ej2-react-inputs/-/ej2-react-inputs-20.4.42.tgz",
      "integrity": "sha512-8S5fnfK4sYgpfqz9Us+tpc/IFY7+ZnpaFWpZAFdZCNAn3/a1zRH9l7CobkmGKLcBLEdl2JCLIqrPpQklo56a2g==",
      "dependencies": {
        "@syncfusion/ej2-base": "~20.4.42",
        "@syncfusion/ej2-inputs": "20.4.42",
        "@syncfusion/ej2-react-base": "~20.4.42"
      }
    },
    "node_modules/@syncfusion/ej2-splitbuttons": {
      "version": "20.4.42",
      "resolved": "https://registry.npmjs.org/@syncfusion/ej2-splitbuttons/-/ej2-splitbuttons-20.4.42.tgz",
      "integrity": "sha512-TRtlqECcZO+kCIL5QqpzYoy20Z0VGHCwsG7kpcwnBYDkrI+ebR5kkgQAbcVNE49d7acxwBYTfiUDTOHHx7nrtA==",
      "dependencies": {
        "@syncfusion/ej2-base": "~20.4.42",
        "@syncfusion/ej2-popups": "~20.4.42"
      }
    },
    "node_modules/attr-accept": {
      "version": "2.2.2",
      "resolved": "https://registry.npmjs.org/attr-accept/-/attr-accept-2.2.2.tgz",
      "integrity": "sha512-7prDjvt9HmqiZ0cl5CRjtS84sEyhsHP2coDkaZKRKVfCDo9s7iw7ChVmar78Gu9pC4SoR/28wFu/G5JJhTnqEg==",
      "engines": {
        "node": ">=4"
      }
    },
    "node_modules/clsx": {
      "version": "1.2.1",
      "resolved": "https://registry.npmjs.org/clsx/-/clsx-1.2.1.tgz",
      "integrity": "sha512-EcR6r5a8bj6pu3ycsa/E/cKVGuTgZJZdsyUYHOksG/UHIiKfjxzRxYJpyVBwYaQeOvghal9fcc4PidlgzugAQg==",
      "engines": {
        "node": ">=6"
      }
    },
    "node_modules/file-selector": {
      "version": "0.6.0",
      "resolved": "https://registry.npmjs.org/file-selector/-/file-selector-0.6.0.tgz",
      "integrity": "sha512-QlZ5yJC0VxHxQQsQhXvBaC7VRJ2uaxTf+Tfpu4Z/OcVQJVpZO+DGU0rkoVW5ce2SccxugvpBJoMvUs59iILYdw==",
      "dependencies": {
        "tslib": "^2.4.0"
      },
      "engines": {
        "node": ">= 12"
      }
    },
    "node_modules/js-tokens": {
      "version": "4.0.0",
      "resolved": "https://registry.npmjs.org/js-tokens/-/js-tokens-4.0.0.tgz",
      "integrity": "sha512-RdJUflcE3cUzKiMqQgsCu06FPu9UdIJO0beYbPhHN4k6apgJtifcoCtT9bcxOpYBtpD2kCM6Sbzg4CausW/PKQ=="
    },
    "node_modules/loose-envify": {
      "version": "1.4.0",
      "resolved": "https://registry.npmjs.org/loose-envify/-/loose-envify-1.4.0.tgz",
      "integrity": "sha512-lyuxPGr/Wfhrlem2CL/UcnUc1zcqKAImBDzukY7Y5F/yQiNdko6+fRLevlw1HgMySw7f611UIY408EtxRSoK3Q==",
      "dependencies": {
        "js-tokens": "^3.0.0 || ^4.0.0"
      },
      "bin": {
        "loose-envify": "cli.js"
      }
    },
    "node_modules/object-assign": {
      "version": "4.1.1",
      "resolved": "https://registry.npmjs.org/object-assign/-/object-assign-4.1.1.tgz",
      "integrity": "sha512-rJgTQnkUnH1sFw8yT6VSU3zD3sWmu6sZhIseY8VX+GRu3P6F7Fu+JNDoXfklElbLJSnc3FUQHVe4cU5hj+BcUg==",
      "engines": {
        "node": ">=0.10.0"
      }
    },
    "node_modules/prop-types": {
      "version": "15.8.1",
      "resolved": "https://registry.npmjs.org/prop-types/-/prop-types-15.8.1.tgz",
      "integrity": "sha512-oj87CgZICdulUohogVAR7AjlC0327U4el4L6eAvOqCeudMDVU0NThNaV+b9Df4dXgSP1gXMTnPdhfe/2qDH5cg==",
      "dependencies": {
        "loose-envify": "^1.4.0",
        "object-assign": "^4.1.1",
        "react-is": "^16.13.1"
      }
    },
    "node_modules/react": {
      "version": "18.2.0",
      "resolved": "https://registry.npmjs.org/react/-/react-18.2.0.tgz",
      "integrity": "sha512-/3IjMdb2L9QbBdWiW5e3P2/npwMBaU9mHCSCUzNln0ZCYbcfTsGbTJrU/kGemdH2IWmB2ioZ+zkxtmq6g09fGQ==",
      "peer": true,
      "dependencies": {
        "loose-envify": "^1.1.0"
      },
      "engines": {
        "node": ">=0.10.0"
      }
    },
    "node_modules/react-dom": {
      "version": "18.2.0",
      "resolved": "https://registry.npmjs.org/react-dom/-/react-dom-18.2.0.tgz",
      "integrity": "sha512-6IMTriUmvsjHUjNtEDudZfuDQUoWXVxKHhlEGSk81n4YFS+r/Kl99wXiwlVXtPBtJenozv2P+hxDsw9eA7Xo6g==",
      "peer": true,
      "dependencies": {
        "loose-envify": "^1.1.0",
        "scheduler": "^0.23.0"
      },
      "peerDependencies": {
        "react": "^18.2.0"
      }
    },
    "node_modules/react-dropzone": {
      "version": "14.2.3",
      "resolved": "https://registry.npmjs.org/react-dropzone/-/react-dropzone-14.2.3.tgz",
      "integrity": "sha512-O3om8I+PkFKbxCukfIR3QAGftYXDZfOE2N1mr/7qebQJHs7U+/RSL/9xomJNpRg9kM5h9soQSdf0Gc7OHF5Fug==",
      "dependencies": {
        "attr-accept": "^2.2.2",
        "file-selector": "^0.6.0",
        "prop-types": "^15.8.1"
      },
      "engines": {
        "node": ">= 10.13"
      },
      "peerDependencies": {
        "react": ">= 16.8 || 18.0.0"
      }
    },
    "node_modules/react-icons": {
      "version": "4.7.1",
      "resolved": "https://registry.npmjs.org/react-icons/-/react-icons-4.7.1.tgz",
      "integrity": "sha512-yHd3oKGMgm7zxo3EA7H2n7vxSoiGmHk5t6Ou4bXsfcgWyhfDKMpyKfhHR6Bjnn63c+YXBLBPUql9H4wPJM6sXw==",
      "peerDependencies": {
        "react": "*"
      }
    },
    "node_modules/react-is": {
      "version": "16.13.1",
      "resolved": "https://registry.npmjs.org/react-is/-/react-is-16.13.1.tgz",
      "integrity": "sha512-24e6ynE2H+OKt4kqsOvNd8kBpV65zoxbA4BVsEOB3ARVWQki/DHzaUoC5KuON/BiccDaCCTZBuOcfZs70kR8bQ=="
    },
    "node_modules/react-toastify": {
      "version": "9.1.1",
      "resolved": "https://registry.npmjs.org/react-toastify/-/react-toastify-9.1.1.tgz",
      "integrity": "sha512-pkFCla1z3ve045qvjEmn2xOJOy4ZciwRXm1oMPULVkELi5aJdHCN/FHnuqXq8IwGDLB7PPk2/J6uP9D8ejuiRw==",
      "dependencies": {
        "clsx": "^1.1.1"
      },
      "peerDependencies": {
        "react": ">=16",
        "react-dom": ">=16"
      }
    },
    "node_modules/scheduler": {
      "version": "0.23.0",
      "resolved": "https://registry.npmjs.org/scheduler/-/scheduler-0.23.0.tgz",
      "integrity": "sha512-CtuThmgHNg7zIZWAXi3AsyIzA3n4xx7aNyjwC2VJldO2LMVDhFK+63xGqq6CsJH4rTAt6/M+N4GhZiDYPx9eUw==",
      "peer": true,
      "dependencies": {
        "loose-envify": "^1.1.0"
      }
    },
    "node_modules/tslib": {
      "version": "2.4.1",
      "resolved": "https://registry.npmjs.org/tslib/-/tslib-2.4.1.tgz",
      "integrity": "sha512-tGyy4dAjRIEwI7BzsB0lynWgOpfqjUdq91XXAlIWD2OwKBH7oCl/GZG/HT4BOHrTlPMOASlMQ7veyTqpmRcrNA=="
    }
  },
  "dependencies": {
    "@heroicons/react": {
      "version": "2.0.14",
      "resolved": "https://registry.npmjs.org/@heroicons/react/-/react-2.0.14.tgz",
      "integrity": "sha512-eFL4if6L7woL1fUvk/jjXx4z9NxVESHHrQnEd2qKVelTFTIr/3VLGWdPb0biia9ZVe26P0JSs/xmOlRNur3SrQ==",
      "requires": {}
    },
    "@syncfusion/ej2-base": {
      "version": "20.4.44",
      "resolved": "https://registry.npmjs.org/@syncfusion/ej2-base/-/ej2-base-20.4.44.tgz",
      "integrity": "sha512-HY6SSurnkCSjOsPKdh1/Uj+BfEC8g60z0fkQB2EeiTJkvk6hlKUoOROuYfIB8svIhQy2y3p9P6ivJAsDbej9mg==",
      "requires": {
        "@syncfusion/ej2-icons": "~20.4.42"
      }
    },
    "@syncfusion/ej2-buttons": {
      "version": "20.4.44",
      "resolved": "https://registry.npmjs.org/@syncfusion/ej2-buttons/-/ej2-buttons-20.4.44.tgz",
      "integrity": "sha512-a6X8cp8e7N0fWH42qbSuW9lf51uTBEDHgUW+Tx2ggMImSnT64GHNzt3fp0BxyyFura5ZFm4sjpNQUv5ox5mEpg==",
      "requires": {
        "@syncfusion/ej2-base": "~20.4.44"
      }
    },
    "@syncfusion/ej2-icons": {
      "version": "20.4.42",
      "resolved": "https://registry.npmjs.org/@syncfusion/ej2-icons/-/ej2-icons-20.4.42.tgz",
      "integrity": "sha512-HayCuxMExNg9Pp1E3qi6u4jQP6QbvLZjahokubV8IhlbC1tsaRPZQ6Mr9Tt+6eXzglCoFP4L86temkfAAw5ooA=="
    },
    "@syncfusion/ej2-inputs": {
      "version": "20.4.42",
      "resolved": "https://registry.npmjs.org/@syncfusion/ej2-inputs/-/ej2-inputs-20.4.42.tgz",
      "integrity": "sha512-u8oaaf/iQllPhTb0dBTIr2M4rKFTG3Ss10HWIXuWguZPQX2StE8aCUXUfHCP6QqkspnMbcydlVjDwzCnL8pylg==",
      "requires": {
        "@syncfusion/ej2-base": "~20.4.42",
        "@syncfusion/ej2-buttons": "~20.4.42",
        "@syncfusion/ej2-popups": "~20.4.42",
        "@syncfusion/ej2-splitbuttons": "~20.4.42"
      }
    },
    "@syncfusion/ej2-popups": {
      "version": "20.4.44",
      "resolved": "https://registry.npmjs.org/@syncfusion/ej2-popups/-/ej2-popups-20.4.44.tgz",
      "integrity": "sha512-XAzkgrWT9xDzkGZo4k+7oToVLbV+X53EKJkd/w0Eqjv6SYq5HnWFmF2lnLgHIa6kz7ucwfHT5TpeVIW4YJglqQ==",
      "requires": {
        "@syncfusion/ej2-base": "~20.4.44",
        "@syncfusion/ej2-buttons": "~20.4.44"
      }
    },
    "@syncfusion/ej2-react-base": {
      "version": "20.4.42",
      "resolved": "https://registry.npmjs.org/@syncfusion/ej2-react-base/-/ej2-react-base-20.4.42.tgz",
      "integrity": "sha512-lX4t0tUm7sLLXnsVsaqQF+aIPITPQY/gJtZ8M7WXk1iNuzDcoWahp/qgdXPyRz8EOHRwKEw9bjCOBwa9grli9A==",
      "requires": {
        "@syncfusion/ej2-base": "~20.4.42"
      }
    },
    "@syncfusion/ej2-react-inputs": {
      "version": "20.4.42",
      "resolved": "https://registry.npmjs.org/@syncfusion/ej2-react-inputs/-/ej2-react-inputs-20.4.42.tgz",
      "integrity": "sha512-8S5fnfK4sYgpfqz9Us+tpc/IFY7+ZnpaFWpZAFdZCNAn3/a1zRH9l7CobkmGKLcBLEdl2JCLIqrPpQklo56a2g==",
      "requires": {
        "@syncfusion/ej2-base": "~20.4.42",
        "@syncfusion/ej2-inputs": "20.4.42",
        "@syncfusion/ej2-react-base": "~20.4.42"
      }
    },
    "@syncfusion/ej2-splitbuttons": {
      "version": "20.4.42",
      "resolved": "https://registry.npmjs.org/@syncfusion/ej2-splitbuttons/-/ej2-splitbuttons-20.4.42.tgz",
      "integrity": "sha512-TRtlqECcZO+kCIL5QqpzYoy20Z0VGHCwsG7kpcwnBYDkrI+ebR5kkgQAbcVNE49d7acxwBYTfiUDTOHHx7nrtA==",
      "requires": {
        "@syncfusion/ej2-base": "~20.4.42",
        "@syncfusion/ej2-popups": "~20.4.42"
      }
    },
    "attr-accept": {
      "version": "2.2.2",
      "resolved": "https://registry.npmjs.org/attr-accept/-/attr-accept-2.2.2.tgz",
      "integrity": "sha512-7prDjvt9HmqiZ0cl5CRjtS84sEyhsHP2coDkaZKRKVfCDo9s7iw7ChVmar78Gu9pC4SoR/28wFu/G5JJhTnqEg=="
    },
    "clsx": {
      "version": "1.2.1",
      "resolved": "https://registry.npmjs.org/clsx/-/clsx-1.2.1.tgz",
      "integrity": "sha512-EcR6r5a8bj6pu3ycsa/E/cKVGuTgZJZdsyUYHOksG/UHIiKfjxzRxYJpyVBwYaQeOvghal9fcc4PidlgzugAQg=="
    },
    "file-selector": {
      "version": "0.6.0",
      "resolved": "https://registry.npmjs.org/file-selector/-/file-selector-0.6.0.tgz",
      "integrity": "sha512-QlZ5yJC0VxHxQQsQhXvBaC7VRJ2uaxTf+Tfpu4Z/OcVQJVpZO+DGU0rkoVW5ce2SccxugvpBJoMvUs59iILYdw==",
      "requires": {
        "tslib": "^2.4.0"
      }
    },
    "js-tokens": {
      "version": "4.0.0",
      "resolved": "https://registry.npmjs.org/js-tokens/-/js-tokens-4.0.0.tgz",
      "integrity": "sha512-RdJUflcE3cUzKiMqQgsCu06FPu9UdIJO0beYbPhHN4k6apgJtifcoCtT9bcxOpYBtpD2kCM6Sbzg4CausW/PKQ=="
    },
    "loose-envify": {
      "version": "1.4.0",
      "resolved": "https://registry.npmjs.org/loose-envify/-/loose-envify-1.4.0.tgz",
      "integrity": "sha512-lyuxPGr/Wfhrlem2CL/UcnUc1zcqKAImBDzukY7Y5F/yQiNdko6+fRLevlw1HgMySw7f611UIY408EtxRSoK3Q==",
      "requires": {
        "js-tokens": "^3.0.0 || ^4.0.0"
      }
    },
    "object-assign": {
      "version": "4.1.1",
      "resolved": "https://registry.npmjs.org/object-assign/-/object-assign-4.1.1.tgz",
      "integrity": "sha512-rJgTQnkUnH1sFw8yT6VSU3zD3sWmu6sZhIseY8VX+GRu3P6F7Fu+JNDoXfklElbLJSnc3FUQHVe4cU5hj+BcUg=="
    },
    "prop-types": {
      "version": "15.8.1",
      "resolved": "https://registry.npmjs.org/prop-types/-/prop-types-15.8.1.tgz",
      "integrity": "sha512-oj87CgZICdulUohogVAR7AjlC0327U4el4L6eAvOqCeudMDVU0NThNaV+b9Df4dXgSP1gXMTnPdhfe/2qDH5cg==",
      "requires": {
        "loose-envify": "^1.4.0",
        "object-assign": "^4.1.1",
        "react-is": "^16.13.1"
      }
    },
    "react": {
      "version": "18.2.0",
      "resolved": "https://registry.npmjs.org/react/-/react-18.2.0.tgz",
      "integrity": "sha512-/3IjMdb2L9QbBdWiW5e3P2/npwMBaU9mHCSCUzNln0ZCYbcfTsGbTJrU/kGemdH2IWmB2ioZ+zkxtmq6g09fGQ==",
      "peer": true,
      "requires": {
        "loose-envify": "^1.1.0"
      }
    },
    "react-dom": {
      "version": "18.2.0",
      "resolved": "https://registry.npmjs.org/react-dom/-/react-dom-18.2.0.tgz",
      "integrity": "sha512-6IMTriUmvsjHUjNtEDudZfuDQUoWXVxKHhlEGSk81n4YFS+r/Kl99wXiwlVXtPBtJenozv2P+hxDsw9eA7Xo6g==",
      "peer": true,
      "requires": {
        "loose-envify": "^1.1.0",
        "scheduler": "^0.23.0"
      }
    },
    "react-dropzone": {
      "version": "14.2.3",
      "resolved": "https://registry.npmjs.org/react-dropzone/-/react-dropzone-14.2.3.tgz",
      "integrity": "sha512-O3om8I+PkFKbxCukfIR3QAGftYXDZfOE2N1mr/7qebQJHs7U+/RSL/9xomJNpRg9kM5h9soQSdf0Gc7OHF5Fug==",
      "requires": {
        "attr-accept": "^2.2.2",
        "file-selector": "^0.6.0",
        "prop-types": "^15.8.1"
      }
    },
    "react-icons": {
      "version": "4.7.1",
      "resolved": "https://registry.npmjs.org/react-icons/-/react-icons-4.7.1.tgz",
      "integrity": "sha512-yHd3oKGMgm7zxo3EA7H2n7vxSoiGmHk5t6Ou4bXsfcgWyhfDKMpyKfhHR6Bjnn63c+YXBLBPUql9H4wPJM6sXw==",
      "requires": {}
    },
    "react-is": {
      "version": "16.13.1",
      "resolved": "https://registry.npmjs.org/react-is/-/react-is-16.13.1.tgz",
      "integrity": "sha512-24e6ynE2H+OKt4kqsOvNd8kBpV65zoxbA4BVsEOB3ARVWQki/DHzaUoC5KuON/BiccDaCCTZBuOcfZs70kR8bQ=="
    },
    "react-toastify": {
      "version": "9.1.1",
      "resolved": "https://registry.npmjs.org/react-toastify/-/react-toastify-9.1.1.tgz",
      "integrity": "sha512-pkFCla1z3ve045qvjEmn2xOJOy4ZciwRXm1oMPULVkELi5aJdHCN/FHnuqXq8IwGDLB7PPk2/J6uP9D8ejuiRw==",
      "requires": {
        "clsx": "^1.1.1"
      }
    },
    "scheduler": {
      "version": "0.23.0",
      "resolved": "https://registry.npmjs.org/scheduler/-/scheduler-0.23.0.tgz",
      "integrity": "sha512-CtuThmgHNg7zIZWAXi3AsyIzA3n4xx7aNyjwC2VJldO2LMVDhFK+63xGqq6CsJH4rTAt6/M+N4GhZiDYPx9eUw==",
      "peer": true,
      "requires": {
        "loose-envify": "^1.1.0"
      }
    },
    "tslib": {
      "version": "2.4.1",
      "resolved": "https://registry.npmjs.org/tslib/-/tslib-2.4.1.tgz",
      "integrity": "sha512-tGyy4dAjRIEwI7BzsB0lynWgOpfqjUdq91XXAlIWD2OwKBH7oCl/GZG/HT4BOHrTlPMOASlMQ7veyTqpmRcrNA=="
    }
  }
}
